<?xml version="1.0" encoding="utf-8"?>
<Project ToolsVersion="4.0" xmlns="http://schemas.microsoft.com/developer/msbuild/2003">
  <ItemGroup>
    <Filter Include="Source Files">
      <UniqueIdentifier>{4FC737F1-C7A5-4376-A066-2A32D752A2FF}</UniqueIdentifier>
      <Extensions>cpp;c;cc;cxx;c++;cppm;ixx;def;odl;idl;hpj;bat;asm;asmx</Extensions>
    </Filter>
    <Filter Include="Header Files">
      <UniqueIdentifier>{93995380-89BD-4b04-88EB-625FBE52EBFB}</UniqueIdentifier>
      <Extensions>h;hh;hpp;hxx;h++;hm;inl;inc;ipp;xsd</Extensions>
    </Filter>
    <Filter Include="Resource Files">
      <UniqueIdentifier>{67DA6AB6-F800-4c08-8B7A-83BB121AAD01}</UniqueIdentifier>
      <Extensions>rc;ico;cur;bmp;dlg;rc2;rct;bin;rgs;gif;jpg;jpeg;jpe;resx;tiff;tif;png;wav;mfcribbon-ms</Extensions>
    </Filter>
    <Filter Include="Shaders">
      <UniqueIdentifier>{c165d5b7-4949-42fa-a72a-d7b5507c7001}</UniqueIdentifier>
    </Filter>
    <Filter Include="Shader Includes">
      <UniqueIdentifier>{e1a28869-2121-45ea-a56d-aa579f450608}</UniqueIdentifier>
    </Filter>
    <Filter Include="ShaderClass">
      <UniqueIdentifier>{095f92fb-ffb2-4c43-abbf-342cd18610d3}</UniqueIdentifier>
    </Filter>
    <Filter Include="RenderScene">
      <UniqueIdentifier>{c2f4b3ca-7645-4bc6-aca9-d8198b54b7b3}</UniqueIdentifier>
    </Filter>
  </ItemGroup>
  <ItemGroup>
    <ClInclude Include="framework.h">
      <Filter>Header Files</Filter>
    </ClInclude>
    <ClInclude Include="pch.h">
      <Filter>Header Files</Filter>
    </ClInclude>
    <ClInclude Include="bone.h">
      <Filter>Header Files</Filter>
    </ClInclude>
    <ClInclude Include="Skeleton.h">
      <Filter>Header Files</Filter>
    </ClInclude>
    <ClInclude Include="BaseNode.h">
      <Filter>Header Files</Filter>
    </ClInclude>
    <ClInclude Include="Node.h">
      <Filter>Header Files</Filter>
    </ClInclude>
    <ClInclude Include="MeshNode.h">
      <Filter>Header Files</Filter>
    </ClInclude>
    <ClInclude Include="IScene.h">
      <Filter>Header Files</Filter>
    </ClInclude>
    <ClInclude Include="IDrawableNode.h">
      <Filter>Header Files</Filter>
    </ClInclude>
    <ClInclude Include="half.h">
      <Filter>Header Files</Filter>
    </ClInclude>
    <ClInclude Include="render_const_bufers.h">
      <Filter>Header Files</Filter>
    </ClInclude>
    <ClInclude Include="test_geometry.h">
      <Filter>Header Files</Filter>
    </ClInclude>
    <ClInclude Include="mesh_structs.h">
      <Filter>Header Files</Filter>
    </ClInclude>
    <ClInclude Include="lib3d.h">
      <Filter>Header Files</Filter>
    </ClInclude>
    <ClInclude Include="Camera.h">
      <Filter>Header Files</Filter>
    </ClInclude>
    <ClInclude Include="RootNode.h">
      <Filter>Header Files</Filter>
    </ClInclude>
    <ClInclude Include="MeshData.h">
      <Filter>Header Files</Filter>
    </ClInclude>
    <ClInclude Include="SceneGraph.h">
      <Filter>Header Files</Filter>
    </ClInclude>
    <ClInclude Include="..\DirectXTex\DDSTextureLoader\DDSTextureLoader11.h">
      <Filter>Header Files</Filter>
    </ClInclude>
    <ClInclude Include="Scene.h">
      <Filter>Header Files</Filter>
    </ClInclude>
    <ClInclude Include="vertex_layouts.h">
      <Filter>Header Files</Filter>
    </ClInclude>
    <ClInclude Include="IAbstractNode.h">
      <Filter>Header Files</Filter>
    </ClInclude>
    <ClInclude Include="SkeletonNode.h">
      <Filter>Header Files</Filter>
    </ClInclude>
    <ClInclude Include="res_tools.h">
      <Filter>Header Files</Filter>
    </ClInclude>
    <ClInclude Include="math_func.h">
      <Filter>Header Files</Filter>
    </ClInclude>
    <ClInclude Include="IResourceContainer.h">
      <Filter>Header Files</Filter>
    </ClInclude>
    <ClInclude Include="GridNode.h">
      <Filter>Header Files</Filter>
    </ClInclude>
    <ClInclude Include="BoneNode.h">
      <Filter>Header Files</Filter>
    </ClInclude>
    <ClInclude Include="VariantMeshNode.h">
      <Filter>Header Files</Filter>
    </ClInclude>
    <ClInclude Include="VariantMeshStructs.h">
      <Filter>Header Files</Filter>
    </ClInclude>
    <ClInclude Include="IAbstractObject.h">
      <Filter>Header Files</Filter>
    </ClInclude>
    <ClInclude Include="ResourceManager.h">
      <Filter>Header Files</Filter>
    </ClInclude>
    <ClInclude Include="BoneAnimCurve.h">
      <Filter>Header Files</Filter>
    </ClInclude>
    <ClInclude Include="Animation.h">
      <Filter>Header Files</Filter>
    </ClInclude>
    <ClInclude Include="..\QtRME_GUI\QtQuickSearchBox.h">
      <Filter>Header Files</Filter>
    </ClInclude>
    <ClInclude Include="Shader.h">
      <Filter>ShaderClass</Filter>
    </ClInclude>
    <ClInclude Include="TerrainNode.h">
      <Filter>Header Files</Filter>
    </ClInclude>
    <ClInclude Include="RenderTarget.h">
      <Filter>Header Files</Filter>
    </ClInclude>
    <ClInclude Include="QuadNode.h">
      <Filter>Header Files</Filter>
    </ClInclude>
    <ClInclude Include="IRenderQueue.h">
      <Filter>RenderScene</Filter>
    </ClInclude>
    <ClInclude Include="TerrainMeshNode.h">
      <Filter>Header Files</Filter>
    </ClInclude>
  </ItemGroup>
  <ItemGroup>
    <ClCompile Include="RenderLib.cpp">
      <Filter>Source Files</Filter>
    </ClCompile>
    <ClCompile Include="pch.cpp">
      <Filter>Source Files</Filter>
    </ClCompile>
    <ClCompile Include="bone.cpp">
      <Filter>Source Files</Filter>
    </ClCompile>
    <ClCompile Include="skeleton.cpp">
      <Filter>Source Files</Filter>
    </ClCompile>
    <ClCompile Include="BaseNode.cpp">
      <Filter>Source Files</Filter>
    </ClCompile>
    <ClCompile Include="Node.cpp">
      <Filter>Source Files</Filter>
    </ClCompile>
    <ClCompile Include="MeshNode.cpp">
      <Filter>Source Files</Filter>
    </ClCompile>
    <ClCompile Include="IScene.cpp">
      <Filter>Source Files</Filter>
    </ClCompile>
    <ClCompile Include="IDrawableNode.cpp">
      <Filter>Source Files</Filter>
    </ClCompile>
    <ClCompile Include="mesh_structs.cpp">
      <Filter>Source Files</Filter>
    </ClCompile>
    <ClCompile Include="Camera.cpp">
      <Filter>Source Files</Filter>
    </ClCompile>
    <ClCompile Include="RootNode.cpp">
      <Filter>Source Files</Filter>
    </ClCompile>
    <ClCompile Include="MeshData.cpp">
      <Filter>Source Files</Filter>
    </ClCompile>
    <ClCompile Include="..\DirectXTex\DDSTextureLoader\DDSTextureLoader11.cpp">
      <Filter>Source Files</Filter>
    </ClCompile>
    <ClCompile Include="Scene.cpp">
      <Filter>Source Files</Filter>
    </ClCompile>
    <ClCompile Include="lib3d.cpp">
      <Filter>Source Files</Filter>
    </ClCompile>
    <ClCompile Include="IAbstractNode.cpp">
      <Filter>Source Files</Filter>
    </ClCompile>
    <ClCompile Include="SkeletonNode.cpp">
      <Filter>Source Files</Filter>
    </ClCompile>
    <ClCompile Include="res_tools.cpp">
      <Filter>Source Files</Filter>
    </ClCompile>
    <ClCompile Include="math_func.cpp">
      <Filter>Source Files</Filter>
    </ClCompile>
    <ClCompile Include="GridNode.cpp">
      <Filter>Source Files</Filter>
    </ClCompile>
    <ClCompile Include="BoneNode.cpp">
      <Filter>Source Files</Filter>
    </ClCompile>
    <ClCompile Include="VariantMeshNode.cpp">
      <Filter>Source Files</Filter>
    </ClCompile>
    <ClCompile Include="IAbstractObject.cpp">
      <Filter>Source Files</Filter>
    </ClCompile>
    <ClCompile Include="ResourceManager.cpp">
      <Filter>Source Files</Filter>
    </ClCompile>
    <ClCompile Include="BoneAnimCurve.cpp">
      <Filter>Source Files</Filter>
    </ClCompile>
    <ClCompile Include="Animation.cpp">
      <Filter>Source Files</Filter>
    </ClCompile>
    <ClCompile Include="VariantMeshStructs.cpp">
      <Filter>Source Files</Filter>
    </ClCompile>
    <ClCompile Include="Shader.cpp">
      <Filter>ShaderClass</Filter>
    </ClCompile>
    <ClCompile Include="TerrainNode.cpp">
      <Filter>Source Files</Filter>
    </ClCompile>
    <ClCompile Include="RenderTarget.cpp">
      <Filter>Source Files</Filter>
    </ClCompile>
    <ClCompile Include="QuadNode.cpp">
      <Filter>Source Files</Filter>
    </ClCompile>
    <ClCompile Include="IRenderQueue.cpp">
      <Filter>RenderScene</Filter>
    </ClCompile>
    <ClCompile Include="TerrainMeshNode.cpp">
      <Filter>Source Files</Filter>
    </ClCompile>
  </ItemGroup>
  <ItemGroup>
    <FxCompile Include="PixelShader.hlsl">
      <Filter>Shaders</Filter>
    </FxCompile>
    <FxCompile Include="PS_Simple.hlsl">
      <Filter>Shaders</Filter>
    </FxCompile>
    <FxCompile Include="VS_Simple.hlsl">
      <Filter>Shaders</Filter>
    </FxCompile>
    <FxCompile Include="VS_Weighted4.hlsl">
      <Filter>Shaders</Filter>
    </FxCompile>
    <FxCompile Include="PS_PbrSpecGloss.hlsl">
      <Filter>Shaders</Filter>
    </FxCompile>
    <FxCompile Include="PS_Grid.hlsl">
      <Filter>Shaders</Filter>
    </FxCompile>
    <FxCompile Include="VS_Default.hlsl">
      <Filter>Shaders</Filter>
    </FxCompile>
    <FxCompile Include="PS_Rome2.hlsl">
      <Filter>Shaders</Filter>
    </FxCompile>
    <FxCompile Include="VS_SSAO.hlsl">
      <Filter>Shaders</Filter>
    </FxCompile>
    <FxCompile Include="PS_SSAO.hlsl">
      <Filter>Shaders</Filter>
    </FxCompile>
    <FxCompile Include="PS_Rome2_SpecGloss.hlsl">
      <Filter>Shaders</Filter>
    </FxCompile>
  </ItemGroup>
  <ItemGroup>
    <MASM Include="test.asm">
      <Filter>Source Files</Filter>
    </MASM>
  </ItemGroup>
  <ItemGroup>
    <None Include="layout.hlsli">
      <Filter>Shader Includes</Filter>
    </None>
    <None Include="textures.hlsli">
      <Filter>Shader Includes</Filter>
    </None>
    <None Include="tone_mapping.hlsli">
      <Filter>Shader Includes</Filter>
    </None>
    <None Include="pbr_lib.hlsli">
      <Filter>Shader Includes</Filter>
    </None>
    <None Include="VS_ConstBuffers.hlsli">
      <Filter>Shader Includes</Filter>
    </None>
    <None Include="PS_ConstBuffers.hlsli">
      <Filter>Shader Includes</Filter>
    </None>
    <None Include="..\QtRME_GUI\myfile.spritefont" />
  </ItemGroup>
</Project>