<?xml version="1.0" encoding="utf-8"?>
<Project ToolsVersion="4.0" xmlns="http://schemas.microsoft.com/developer/msbuild/2003">
  <ItemGroup>
    <Filter Include="Header Files">
      <UniqueIdentifier>{93995380-89BD-4b04-88EB-625FBE52EBFB}</UniqueIdentifier>
      <Extensions>h;hh;hpp;hxx;h++;hm;inl;inc;ipp;xsd</Extensions>
    </Filter>
    <Filter Include="Resource Files">
      <UniqueIdentifier>{67DA6AB6-F800-4c08-8B7A-83BB121AAD01}</UniqueIdentifier>
      <Extensions>rc;ico;cur;bmp;dlg;rc2;rct;bin;rgs;gif;jpg;jpeg;jpe;resx;tiff;tif;png;wav;mfcribbon-ms</Extensions>
    </Filter>
    <Filter Include="Asm">
      <UniqueIdentifier>{2491993f-397c-4456-b6ef-ba4f9b9f2b6f}</UniqueIdentifier>
    </Filter>
    <Filter Include="Source Files">
      <UniqueIdentifier>{4FC737F1-C7A5-4376-A066-2A32D752A2FF}</UniqueIdentifier>
      <Extensions>cpp;c;cc;cxx;c++;cppm;ixx;def;odl;idl;hpj;bat;asm;asmx</Extensions>
    </Filter>
  </ItemGroup>
  <ItemGroup>
    <ClInclude Include="framework.h">
      <Filter>Header Files</Filter>
    </ClInclude>
    <ClInclude Include="pch.h">
      <Filter>Header Files</Filter>
    </ClInclude>
    <ClInclude Include="data_stream.h">
      <Filter>Header Files</Filter>
    </ClInclude>
    <ClInclude Include="ISerializeabe.h">
      <Filter>Header Files</Filter>
    </ClInclude>
    <ClInclude Include="Object.h">
      <Filter>Header Files</Filter>
    </ClInclude>
    <ClInclude Include="ISize.h">
      <Filter>Header Files</Filter>
    </ClInclude>
    <ClInclude Include="SerializeVector.h">
      <Filter>Header Files</Filter>
    </ClInclude>
    <ClInclude Include="tools.h">
      <Filter>Header Files</Filter>
    </ClInclude>
    <ClInclude Include="path_node.h">
      <Filter>Header Files</Filter>
    </ClInclude>
    <ClInclude Include="system_clock.h">
      <Filter>Header Files</Filter>
    </ClInclude>
    <ClInclude Include="return_value.h">
      <Filter>Header Files</Filter>
    </ClInclude>
    <ClInclude Include="asm_func.h">
      <Filter>Asm</Filter>
    </ClInclude>
  </ItemGroup>
  <ItemGroup>
    <ClCompile Include="pch.cpp">
      <Filter>Source Files</Filter>
    </ClCompile>
    <ClCompile Include="data_stream.cpp">
      <Filter>Source Files</Filter>
    </ClCompile>
    <ClCompile Include="ISerializeabe.cpp">
      <Filter>Source Files</Filter>
    </ClCompile>
    <ClCompile Include="Object.cpp">
      <Filter>Source Files</Filter>
    </ClCompile>
    <ClCompile Include="ISize.cpp">
      <Filter>Source Files</Filter>
    </ClCompile>
    <ClCompile Include="SerializeVector.cpp">
      <Filter>Source Files</Filter>
    </ClCompile>
    <ClCompile Include="tools.cpp">
      <Filter>Source Files</Filter>
    </ClCompile>
    <ClCompile Include="tree_node.cpp">
      <Filter>Source Files</Filter>
    </ClCompile>
    <ClCompile Include="path_node.cpp">
      <Filter>Source Files</Filter>
    </ClCompile>
    <ClCompile Include="system_clock.cpp">
      <Filter>Source Files</Filter>
    </ClCompile>
    <ClCompile Include="return_value.cpp">
      <Filter>Source Files</Filter>
    </ClCompile>
  </ItemGroup>
  <ItemGroup>
    <MASM Include="test.asm">
      <Filter>Asm</Filter>
    </MASM>
  </ItemGroup>
</Project>